# This file is @generated by PDM.
# It is not intended for manual editing.

[metadata]
groups = ["default"]
strategy = ["cross_platform", "inherit_metadata"]
lock_version = "4.4.1"
content_hash = "sha256:24420be2f9c140d72e8b2a970619f5a5d46762dcc1f1f2adde151cad12aa09d6"

[[package]]
name = "nekoton"
version = "0.0.0"
requires_python = ">=3.9"
path = "../nekoton-python"
summary = ""
groups = ["default"]
